// !$*UTF8*$!
{
	archiveVersion = 1;
	classes = {
	};
	objectVersion = 46;
	objects = {

/* Begin PBXBuildFile section */
		B630F3C319A8651700F0EDB7 /* Foundation.framework in Frameworks */ = {isa = PBXBuildFile; fileRef = B630F3C219A8651700F0EDB7 /* Foundation.framework */; };
		B630F3C519A8651700F0EDB7 /* CoreGraphics.framework in Frameworks */ = {isa = PBXBuildFile; fileRef = B630F3C419A8651700F0EDB7 /* CoreGraphics.framework */; };
		B630F3C719A8651700F0EDB7 /* UIKit.framework in Frameworks */ = {isa = PBXBuildFile; fileRef = B630F3C619A8651700F0EDB7 /* UIKit.framework */; };
		B630F3CD19A8651700F0EDB7 /* InfoPlist.strings in Resources */ = {isa = PBXBuildFile; fileRef = B630F3CB19A8651700F0EDB7 /* InfoPlist.strings */; };
		B630F3CF19A8651700F0EDB7 /* main.m in Sources */ = {isa = PBXBuildFile; fileRef = B630F3CE19A8651700F0EDB7 /* main.m */; };
		B630F3D319A8651700F0EDB7 /* iOSCAppDelegate.m in Sources */ = {isa = PBXBuildFile; fileRef = B630F3D219A8651700F0EDB7 /* iOSCAppDelegate.m */; };
		B630F3D519A8651700F0EDB7 /* Images.xcassets in Resources */ = {isa = PBXBuildFile; fileRef = B630F3D419A8651700F0EDB7 /* Images.xcassets */; };
		B630F3DC19A8651700F0EDB7 /* XCTest.framework in Frameworks */ = {isa = PBXBuildFile; fileRef = B630F3DB19A8651700F0EDB7 /* XCTest.framework */; };
		B630F3DD19A8651700F0EDB7 /* Foundation.framework in Frameworks */ = {isa = PBXBuildFile; fileRef = B630F3C219A8651700F0EDB7 /* Foundation.framework */; };
		B630F3DE19A8651700F0EDB7 /* UIKit.framework in Frameworks */ = {isa = PBXBuildFile; fileRef = B630F3C619A8651700F0EDB7 /* UIKit.framework */; };
		B630F3E619A8651800F0EDB7 /* InfoPlist.strings in Resources */ = {isa = PBXBuildFile; fileRef = B630F3E419A8651800F0EDB7 /* InfoPlist.strings */; };
		B630F3E819A8651800F0EDB7 /* iOSChallenge3Tests.m in Sources */ = {isa = PBXBuildFile; fileRef = B630F3E719A8651800F0EDB7 /* iOSChallenge3Tests.m */; };
/* End PBXBuildFile section */

/* Begin PBXContainerItemProxy section */
		B630F3DF19A8651700F0EDB7 /* PBXContainerItemProxy */ = {
			isa = PBXContainerItemProxy;
			containerPortal = B630F3B719A8651700F0EDB7 /* Project object */;
			proxyType = 1;
			remoteGlobalIDString = B630F3BE19A8651700F0EDB7;
			remoteInfo = iOSChallenge3;
		};
/* End PBXContainerItemProxy section */

/* Begin PBXFileReference section */
		B630F3BF19A8651700F0EDB7 /* iOSChallenge3.app */ = {isa = PBXFileReference; explicitFileType = wrapper.application; includeInIndex = 0; path = iOSChallenge3.app; sourceTree = BUILT_PRODUCTS_DIR; };
		B630F3C219A8651700F0EDB7 /* Foundation.framework */ = {isa = PBXFileReference; lastKnownFileType = wrapper.framework; name = Foundation.framework; path = System/Library/Frameworks/Foundation.framework; sourceTree = SDKROOT; };
		B630F3C419A8651700F0EDB7 /* CoreGraphics.framework */ = {isa = PBXFileReference; lastKnownFileType = wrapper.framework; name = CoreGraphics.framework; path = System/Library/Frameworks/CoreGraphics.framework; sourceTree = SDKROOT; };
		B630F3C619A8651700F0EDB7 /* UIKit.framework */ = {isa = PBXFileReference; lastKnownFileType = wrapper.framework; name = UIKit.framework; path = System/Library/Frameworks/UIKit.framework; sourceTree = SDKROOT; };
		B630F3CA19A8651700F0EDB7 /* iOSChallenge3-Info.plist */ = {isa = PBXFileReference; lastKnownFileType = text.plist.xml; path = "iOSChallenge3-Info.plist"; sourceTree = "<group>"; };
		B630F3CC19A8651700F0EDB7 /* en */ = {isa = PBXFileReference; lastKnownFileType = text.plist.strings; name = en; path = en.lproj/InfoPlist.strings; sourceTree = "<group>"; };
		B630F3CE19A8651700F0EDB7 /* main.m */ = {isa = PBXFileReference; lastKnownFileType = sourcecode.c.objc; path = main.m; sourceTree = "<group>"; };
		B630F3D019A8651700F0EDB7 /* iOSChallenge3-Prefix.pch */ = {isa = PBXFileReference; lastKnownFileType = sourcecode.c.h; path = "iOSChallenge3-Prefix.pch"; sourceTree = "<group>"; };
		B630F3D119A8651700F0EDB7 /* iOSCAppDelegate.h */ = {isa = PBXFileReference; lastKnownFileType = sourcecode.c.h; path = iOSCAppDelegate.h; sourceTree = "<group>"; };
		B630F3D219A8651700F0EDB7 /* iOSCAppDelegate.m */ = {isa = PBXFileReference; lastKnownFileType = sourcecode.c.objc; path = iOSCAppDelegate.m; sourceTree = "<group>"; };
		B630F3D419A8651700F0EDB7 /* Images.xcassets */ = {isa = PBXFileReference; lastKnownFileType = folder.assetcatalog; path = Images.xcassets; sourceTree = "<group>"; };
		B630F3DA19A8651700F0EDB7 /* iOSChallenge3Tests.xctest */ = {isa = PBXFileReference; explicitFileType = wrapper.cfbundle; includeInIndex = 0; path = iOSChallenge3Tests.xctest; sourceTree = BUILT_PRODUCTS_DIR; };
		B630F3DB19A8651700F0EDB7 /* XCTest.framework */ = {isa = PBXFileReference; lastKnownFileType = wrapper.framework; name = XCTest.framework; path = Library/Frameworks/XCTest.framework; sourceTree = DEVELOPER_DIR; };
		B630F3E319A8651800F0EDB7 /* iOSChallenge3Tests-Info.plist */ = {isa = PBXFileReference; lastKnownFileType = text.plist.xml; path = "iOSChallenge3Tests-Info.plist"; sourceTree = "<group>"; };
		B630F3E519A8651800F0EDB7 /* en */ = {isa = PBXFileReference; lastKnownFileType = text.plist.strings; name = en; path = en.lproj/InfoPlist.strings; sourceTree = "<group>"; };
		B630F3E719A8651800F0EDB7 /* iOSChallenge3Tests.m */ = {isa = PBXFileReference; lastKnownFileType = sourcecode.c.objc; path = iOSChallenge3Tests.m; sourceTree = "<group>"; };
/* End PBXFileReference section */

/* Begin PBXFrameworksBuildPhase section */
		B630F3BC19A8651700F0EDB7 /* Frameworks */ = {
			isa = PBXFrameworksBuildPhase;
			buildActionMask = 2147483647;
			files = (
				B630F3C519A8651700F0EDB7 /* CoreGraphics.framework in Frameworks */,
				B630F3C719A8651700F0EDB7 /* UIKit.framework in Frameworks */,
				B630F3C319A8651700F0EDB7 /* Foundation.framework in Frameworks */,
			);
			runOnlyForDeploymentPostprocessing = 0;
		};
		B630F3D719A8651700F0EDB7 /* Frameworks */ = {
			isa = PBXFrameworksBuildPhase;
			buildActionMask = 2147483647;
			files = (
				B630F3DC19A8651700F0EDB7 /* XCTest.framework in Frameworks */,
				B630F3DE19A8651700F0EDB7 /* UIKit.framework in Frameworks */,
				B630F3DD19A8651700F0EDB7 /* Foundation.framework in Frameworks */,
			);
			runOnlyForDeploymentPostprocessing = 0;
		};
/* End PBXFrameworksBuildPhase section */

/* Begin PBXGroup section */
		B630F3B619A8651700F0EDB7 = {
			isa = PBXGroup;
			children = (
				B630F3C819A8651700F0EDB7 /* iOSChallenge3 */,
				B630F3E119A8651700F0EDB7 /* iOSChallenge3Tests */,
				B630F3C119A8651700F0EDB7 /* Frameworks */,
				B630F3C019A8651700F0EDB7 /* Products */,
			);
			sourceTree = "<group>";
		};
		B630F3C019A8651700F0EDB7 /* Products */ = {
			isa = PBXGroup;
			children = (
				B630F3BF19A8651700F0EDB7 /* iOSChallenge3.app */,
				B630F3DA19A8651700F0EDB7 /* iOSChallenge3Tests.xctest */,
			);
			name = Products;
			sourceTree = "<group>";
		};
		B630F3C119A8651700F0EDB7 /* Frameworks */ = {
			isa = PBXGroup;
			children = (
				B630F3C219A8651700F0EDB7 /* Foundation.framework */,
				B630F3C419A8651700F0EDB7 /* CoreGraphics.framework */,
				B630F3C619A8651700F0EDB7 /* UIKit.framework */,
				B630F3DB19A8651700F0EDB7 /* XCTest.framework */,
			);
			name = Frameworks;
			sourceTree = "<group>";
		};
		B630F3C819A8651700F0EDB7 /* iOSChallenge3 */ = {
			isa = PBXGroup;
			children = (
				B630F3D119A8651700F0EDB7 /* iOSCAppDelegate.h */,
				B630F3D219A8651700F0EDB7 /* iOSCAppDelegate.m */,
				B630F3D419A8651700F0EDB7 /* Images.xcassets */,
				B630F3C919A8651700F0EDB7 /* Supporting Files */,
			);
			path = iOSChallenge3;
			sourceTree = "<group>";
		};
		B630F3C919A8651700F0EDB7 /* Supporting Files */ = {
			isa = PBXGroup;
			children = (
				B630F3CA19A8651700F0EDB7 /* iOSChallenge3-Info.plist */,
				B630F3CB19A8651700F0EDB7 /* InfoPlist.strings */,
				B630F3CE19A8651700F0EDB7 /* main.m */,
				B630F3D019A8651700F0EDB7 /* iOSChallenge3-Prefix.pch */,
			);
			name = "Supporting Files";
			sourceTree = "<group>";
		};
		B630F3E119A8651700F0EDB7 /* iOSChallenge3Tests */ = {
			isa = PBXGroup;
			children = (
				B630F3E719A8651800F0EDB7 /* iOSChallenge3Tests.m */,
				B630F3E219A8651700F0EDB7 /* Supporting Files */,
			);
			path = iOSChallenge3Tests;
			sourceTree = "<group>";
		};
		B630F3E219A8651700F0EDB7 /* Supporting Files */ = {
			isa = PBXGroup;
			children = (
				B630F3E319A8651800F0EDB7 /* iOSChallenge3Tests-Info.plist */,
				B630F3E419A8651800F0EDB7 /* InfoPlist.strings */,
			);
			name = "Supporting Files";
			sourceTree = "<group>";
		};
/* End PBXGroup section */

/* Begin PBXNativeTarget section */
		B630F3BE19A8651700F0EDB7 /* iOSChallenge3 */ = {
			isa = PBXNativeTarget;
			buildConfigurationList = B630F3EB19A8651800F0EDB7 /* Build configuration list for PBXNativeTarget "iOSChallenge3" */;
			buildPhases = (
				B630F3BB19A8651700F0EDB7 /* Sources */,
				B630F3BC19A8651700F0EDB7 /* Frameworks */,
				B630F3BD19A8651700F0EDB7 /* Resources */,
			);
			buildRules = (
			);
			dependencies = (
			);
			name = iOSChallenge3;
			productName = iOSChallenge3;
			productReference = B630F3BF19A8651700F0EDB7 /* iOSChallenge3.app */;
			productType = "com.apple.product-type.application";
		};
		B630F3D919A8651700F0EDB7 /* iOSChallenge3Tests */ = {
			isa = PBXNativeTarget;
			buildConfigurationList = B630F3EE19A8651800F0EDB7 /* Build configuration list for PBXNativeTarget "iOSChallenge3Tests" */;
			buildPhases = (
				B630F3D619A8651700F0EDB7 /* Sources */,
				B630F3D719A8651700F0EDB7 /* Frameworks */,
				B630F3D819A8651700F0EDB7 /* Resources */,
			);
			buildRules = (
			);
			dependencies = (
				B630F3E019A8651700F0EDB7 /* PBXTargetDependency */,
			);
			name = iOSChallenge3Tests;
			productName = iOSChallenge3Tests;
			productReference = B630F3DA19A8651700F0EDB7 /* iOSChallenge3Tests.xctest */;
			productType = "com.apple.product-type.bundle.unit-test";
		};
/* End PBXNativeTarget section */

/* Begin PBXProject section */
		B630F3B719A8651700F0EDB7 /* Project object */ = {
			isa = PBXProject;
			attributes = {
				CLASSPREFIX = iOSC;
				LastUpgradeCheck = 0510;
				ORGANIZATIONNAME = freddy;
				TargetAttributes = {
					B630F3D919A8651700F0EDB7 = {
						TestTargetID = B630F3BE19A8651700F0EDB7;
					};
				};
			};
			buildConfigurationList = B630F3BA19A8651700F0EDB7 /* Build configuration list for PBXProject "iOSChallenge3" */;
			compatibilityVersion = "Xcode 3.2";
			developmentRegion = English;
			hasScannedForEncodings = 0;
			knownRegions = (
				en,
			);
			mainGroup = B630F3B619A8651700F0EDB7;
			productRefGroup = B630F3C019A8651700F0EDB7 /* Products */;
			projectDirPath = "";
			projectRoot = "";
			targets = (
				B630F3BE19A8651700F0EDB7 /* iOSChallenge3 */,
				B630F3D919A8651700F0EDB7 /* iOSChallenge3Tests */,
			);
		};
/* End PBXProject section */

/* Begin PBXResourcesBuildPhase section */
		B630F3BD19A8651700F0EDB7 /* Resources */ = {
			isa = PBXResourcesBuildPhase;
			buildActionMask = 2147483647;
			files = (
				B630F3CD19A8651700F0EDB7 /* InfoPlist.strings in Resources */,
				B630F3D519A8651700F0EDB7 /* Images.xcassets in Resources */,
			);
			runOnlyForDeploymentPostprocessing = 0;
		};
		B630F3D819A8651700F0EDB7 /* Resources */ = {
			isa = PBXResourcesBuildPhase;
			buildActionMask = 2147483647;
			files = (
				B630F3E619A8651800F0EDB7 /* InfoPlist.strings in Resources */,
			);
			runOnlyForDeploymentPostprocessing = 0;
		};
/* End PBXResourcesBuildPhase section */

/* Begin PBXSourcesBuildPhase section */
		B630F3BB19A8651700F0EDB7 /* Sources */ = {
			isa = PBXSourcesBuildPhase;
			buildActionMask = 2147483647;
			files = (
				B630F3D319A8651700F0EDB7 /* iOSCAppDelegate.m in Sources */,
				B630F3CF19A8651700F0EDB7 /* main.m in Sources */,
			);
			runOnlyForDeploymentPostprocessing = 0;
		};
		B630F3D619A8651700F0EDB7 /* Sources */ = {
			isa = PBXSourcesBuildPhase;
			buildActionMask = 2147483647;
			files = (
				B630F3E819A8651800F0EDB7 /* iOSChallenge3Tests.m in Sources */,
			);
			runOnlyForDeploymentPostprocessing = 0;
		};
/* End PBXSourcesBuildPhase section */

/* Begin PBXTargetDependency section */
		B630F3E019A8651700F0EDB7 /* PBXTargetDependency */ = {
			isa = PBXTargetDependency;
			target = B630F3BE19A8651700F0EDB7 /* iOSChallenge3 */;
			targetProxy = B630F3DF19A8651700F0EDB7 /* PBXContainerItemProxy */;
		};
/* End PBXTargetDependency section */

/* Begin PBXVariantGroup section */
		B630F3CB19A8651700F0EDB7 /* InfoPlist.strings */ = {
			isa = PBXVariantGroup;
			children = (
				B630F3CC19A8651700F0EDB7 /* en */,
			);
			name = InfoPlist.strings;
			sourceTree = "<group>";
		};
		B630F3E419A8651800F0EDB7 /* InfoPlist.strings */ = {
			isa = PBXVariantGroup;
			children = (
				B630F3E519A8651800F0EDB7 /* en */,
			);
			name = InfoPlist.strings;
			sourceTree = "<group>";
		};
/* End PBXVariantGroup section */

/* Begin XCBuildConfiguration section */
		B630F3E919A8651800F0EDB7 /* Debug */ = {
			isa = XCBuildConfiguration;
			buildSettings = {
				ALWAYS_SEARCH_USER_PATHS = NO;
				CLANG_CXX_LANGUAGE_STANDARD = "gnu++0x";
				CLANG_CXX_LIBRARY = "libc++";
				CLANG_ENABLE_MODULES = YES;
				CLANG_ENABLE_OBJC_ARC = YES;
				CLANG_WARN_BOOL_CONVERSION = YES;
				CLANG_WARN_CONSTANT_CONVERSION = YES;
				CLANG_WARN_DIRECT_OBJC_ISA_USAGE = YES_ERROR;
				CLANG_WARN_EMPTY_BODY = YES;
				CLANG_WARN_ENUM_CONVERSION = YES;
				CLANG_WARN_INT_CONVERSION = YES;
				CLANG_WARN_OBJC_ROOT_CLASS = YES_ERROR;
				CLANG_WARN__DUPLICATE_METHOD_MATCH = YES;
				"CODE_SIGN_IDENTITY[sdk=iphoneos*]" = "iPhone Developer";
				COPY_PHASE_STRIP = NO;
				GCC_C_LANGUAGE_STANDARD = gnu99;
				GCC_DYNAMIC_NO_PIC = NO;
				GCC_OPTIMIZATION_LEVEL = 0;
				GCC_PREPROCESSOR_DEFINITIONS = (
					"DEBUG=1",
					"$(inherited)",
				);
				GCC_SYMBOLS_PRIVATE_EXTERN = NO;
				GCC_WARN_64_TO_32_BIT_CONVERSION = YES;
				GCC_WARN_ABOUT_RETURN_TYPE = YES_ERROR;
				GCC_WARN_UNDECLARED_SELECTOR = YES;
				GCC_WARN_UNINITIALIZED_AUTOS = YES_AGGRESSIVE;
				GCC_WARN_UNUSED_FUNCTION = YES;
				GCC_WARN_UNUSED_VARIABLE = YES;
				IPHONEOS_DEPLOYMENT_TARGET = 7.1;
				ONLY_ACTIVE_ARCH = YES;
				SDKROOT = iphoneos;
			};
			name = Debug;
		};
		B630F3EA19A8651800F0EDB7 /* Release */ = {
			isa = XCBuildConfiguration;
			buildSettings = {
				ALWAYS_SEARCH_USER_PATHS = NO;
				CLANG_CXX_LANGUAGE_STANDARD = "gnu++0x";
				CLANG_CXX_LIBRARY = "libc++";
				CLANG_ENABLE_MODULES = YES;
				CLANG_ENABLE_OBJC_ARC = YES;
				CLANG_WARN_BOOL_CONVERSION = YES;
				CLANG_WARN_CONSTANT_CONVERSION = YES;
				CLANG_WARN_DIRECT_OBJC_ISA_USAGE = YES_ERROR;
				CLANG_WARN_EMPTY_BODY = YES;
				CLANG_WARN_ENUM_CONVERSION = YES;
				CLANG_WARN_INT_CONVERSION = YES;
				CLANG_WARN_OBJC_ROOT_CLASS = YES_ERROR;
				CLANG_WARN__DUPLICATE_METHOD_MATCH = YES;
				"CODE_SIGN_IDENTITY[sdk=iphoneos*]" = "iPhone Developer";
				COPY_PHASE_STRIP = YES;
				ENABLE_NS_ASSERTIONS = NO;
				GCC_C_LANGUAGE_STANDARD = gnu99;
				GCC_WARN_64_TO_32_BIT_CONVERSION = YES;
				GCC_WARN_ABOUT_RETURN_TYPE = YES_ERROR;
				GCC_WARN_UNDECLARED_SELECTOR = YES;
				GCC_WARN_UNINITIALIZED_AUTOS = YES_AGGRESSIVE;
				GCC_WARN_UNUSED_FUNCTION = YES;
				GCC_WARN_UNUSED_VARIABLE = YES;
				IPHONEOS_DEPLOYMENT_TARGET = 7.1;
				SDKROOT = iphoneos;
				VALIDATE_PRODUCT = YES;
			};
			name = Release;
		};
		B630F3EC19A8651800F0EDB7 /* Debug */ = {
			isa = XCBuildConfiguration;
			buildSettings = {
				ASSETCATALOG_COMPILER_APPICON_NAME = AppIcon;
				ASSETCATALOG_COMPILER_LAUNCHIMAGE_NAME = LaunchImage;
				GCC_PRECOMPILE_PREFIX_HEADER = YES;
				GCC_PREFIX_HEADER = "iOSChallenge3/iOSChallenge3-Prefix.pch";
				INFOPLIST_FILE = "iOSChallenge3/iOSChallenge3-Info.plist";
				PRODUCT_NAME = "$(TARGET_NAME)";
				WRAPPER_EXTENSION = app;
			};
			name = Debug;
		};
		B630F3ED19A8651800F0EDB7 /* Release */ = {
			isa = XCBuildConfiguration;
			buildSettings = {
				ASSETCATALOG_COMPILER_APPICON_NAME = AppIcon;
				ASSETCATALOG_COMPILER_LAUNCHIMAGE_NAME = LaunchImage;
				GCC_PRECOMPILE_PREFIX_HEADER = YES;
				GCC_PREFIX_HEADER = "iOSChallenge3/iOSChallenge3-Prefix.pch";
				INFOPLIST_FILE = "iOSChallenge3/iOSChallenge3-Info.plist";
				PRODUCT_NAME = "$(TARGET_NAME)";
				WRAPPER_EXTENSION = app;
			};
			name = Release;
		};
		B630F3EF19A8651800F0EDB7 /* Debug */ = {
			isa = XCBuildConfiguration;
			buildSettings = {
				BUNDLE_LOADER = "$(BUILT_PRODUCTS_DIR)/iOSChallenge3.app/iOSChallenge3";
				FRAMEWORK_SEARCH_PATHS = (
					"$(SDKROOT)/Developer/Library/Frameworks",
					"$(inherited)",
					"$(DEVELOPER_FRAMEWORKS_DIR)",
				);
				GCC_PRECOMPILE_PREFIX_HEADER = YES;
				GCC_PREFIX_HEADER = "iOSChallenge3/iOSChallenge3-Prefix.pch";
				GCC_PREPROCESSOR_DEFINITIONS = (
					"DEBUG=1",
					"$(inherited)",
				);
				INFOPLIST_FILE = "iOSChallenge3Tests/iOSChallenge3Tests-Info.plist";
				PRODUCT_NAME = "$(TARGET_NAME)";
				TEST_HOST = "$(BUNDLE_LOADER)";
				WRAPPER_EXTENSION = xctest;
			};
			name = Debug;
		};
		B630F3F019A8651800F0EDB7 /* Release */ = {
			isa = XCBuildConfiguration;
			buildSettings = {
				BUNDLE_LOADER = "$(BUILT_PRODUCTS_DIR)/iOSChallenge3.app/iOSChallenge3";
				FRAMEWORK_SEARCH_PATHS = (
					"$(SDKROOT)/Developer/Library/Frameworks",
					"$(inherited)",
					"$(DEVELOPER_FRAMEWORKS_DIR)",
				);
				GCC_PRECOMPILE_PREFIX_HEADER = YES;
				GCC_PREFIX_HEADER = "iOSChallenge3/iOSChallenge3-Prefix.pch";
				INFOPLIST_FILE = "iOSChallenge3Tests/iOSChallenge3Tests-Info.plist";
				PRODUCT_NAME = "$(TARGET_NAME)";
				TEST_HOST = "$(BUNDLE_LOADER)";
				WRAPPER_EXTENSION = xctest;
			};
			name = Release;
		};
/* End XCBuildConfiguration section */

/* Begin XCConfigurationList section */
		B630F3BA19A8651700F0EDB7 /* Build configuration list for PBXProject "iOSChallenge3" */ = {
			isa = XCConfigurationList;
			buildConfigurations = (
				B630F3E919A8651800F0EDB7 /* Debug */,
				B630F3EA19A8651800F0EDB7 /* Release */,
			);
			defaultConfigurationIsVisible = 0;
			defaultConfigurationName = Release;
		};
		B630F3EB19A8651800F0EDB7 /* Build configuration list for PBXNativeTarget "iOSChallenge3" */ = {
			isa = XCConfigurationList;
			buildConfigurations = (
				B630F3EC19A8651800F0EDB7 /* Debug */,
				B630F3ED19A8651800F0EDB7 /* Release */,
			);
			defaultConfigurationIsVisible = 0;
		};
		B630F3EE19A8651800F0EDB7 /* Build configuration list for PBXNativeTarget "iOSChallenge3Tests" */ = {
			isa = XCConfigurationList;
			buildConfigurations = (
				B630F3EF19A8651800F0EDB7 /* Debug */,
				B630F3F019A8651800F0EDB7 /* Release */,
			);
			defaultConfigurationIsVisible = 0;
		};
/* End XCConfigurationList section */
	};
	rootObject = B630F3B719A8651700F0EDB7 /* Project object */;
}
